// !$*UTF8*$!
{
	archiveVersion = 1;
	classes = {
	};
	objectVersion = 77;
	objects = {

/* Begin PBXBuildFile section */
		FA4D2D4B2F7F5C7600EE44C6 /* Knit in Frameworks */ = {isa = PBXBuildFile; productRef = FA4D2D4A2F7F5C7600EE44C6 /* Knit */; };
		FA4D2D4D2F7F5C7600EE44C6 /* KnitMacros in Frameworks */ = {isa = PBXBuildFile; productRef = FA4D2D4C2F7F5C7600EE44C6 /* KnitMacros */; };
		FA4D2FA22F7F61A000EE44C6 /* knitconfig.json in Resources */ = {isa = PBXBuildFile; fileRef = FA4D2FA12F7F61A000EE44C6 /* knitconfig.json */; };
		FA4D2FA82F7F620000EE44C6 /* SwiftScraperCore in Frameworks */ = {isa = PBXBuildFile; productRef = FA4D2FA72F7F620000EE44C6 /* SwiftScraperCore */; };
/* End PBXBuildFile section */

/* Begin PBXContainerItemProxy section */
		FA4D2D332F7F598800EE44C6 /* PBXContainerItemProxy */ = {
			isa = PBXContainerItemProxy;
			containerPortal = FA4D2CEB2F7F52A900EE44C6 /* Project object */;
			proxyType = 1;
			remoteGlobalIDString = FA4D2CF22F7F52A900EE44C6;
			remoteInfo = SwiftScraper;
		};
/* End PBXContainerItemProxy section */

/* Begin PBXFileReference section */
		FA4D2CF32F7F52A900EE44C6 /* SwiftScraper.app */ = {isa = PBXFileReference; explicitFileType = wrapper.application; includeInIndex = 0; path = SwiftScraper.app; sourceTree = BUILT_PRODUCTS_DIR; };
		FA4D2D2F2F7F598800EE44C6 /* SwiftScraperTests.xctest */ = {isa = PBXFileReference; explicitFileType = wrapper.cfbundle; includeInIndex = 0; path = SwiftScraperTests.xctest; sourceTree = BUILT_PRODUCTS_DIR; };
		FA4D2FA12F7F61A000EE44C6 /* knitconfig.json */ = {isa = PBXFileReference; lastKnownFileType = text.json; path = knitconfig.json; sourceTree = "<group>"; };
/* End PBXFileReference section */

/* Begin PBXFileSystemSynchronizedRootGroup section */
		FA4D2CF52F7F52A900EE44C6 /* SwiftScraper */ = {
			isa = PBXFileSystemSynchronizedRootGroup;
			path = SwiftScraper;
			sourceTree = "<group>";
		};
		FA4D2D302F7F598800EE44C6 /* SwiftScraperTests */ = {
			isa = PBXFileSystemSynchronizedRootGroup;
			path = SwiftScraperTests;
			sourceTree = "<group>";
		};
/* End PBXFileSystemSynchronizedRootGroup section */

/* Begin PBXFrameworksBuildPhase section */
		FA4D2CF02F7F52A900EE44C6 /* Frameworks */ = {
			isa = PBXFrameworksBuildPhase;
			buildActionMask = 2147483647;
			files = (
				FA4D2D4B2F7F5C7600EE44C6 /* Knit in Frameworks */,
				FA4D2D4D2F7F5C7600EE44C6 /* KnitMacros in Frameworks */,
				FA4D2FA82F7F620000EE44C6 /* SwiftScraperCore in Frameworks */,
			);
			runOnlyForDeploymentPostprocessing = 0;
		};
		FA4D2D2C2F7F598800EE44C6 /* Frameworks */ = {
			isa = PBXFrameworksBuildPhase;
			buildActionMask = 2147483647;
			files = (
			);
			runOnlyForDeploymentPostprocessing = 0;
		};
/* End PBXFrameworksBuildPhase section */

/* Begin PBXGroup section */
		FA4D2CEA2F7F52A900EE44C6 = {
			isa = PBXGroup;
			children = (
				FA4D2CF52F7F52A900EE44C6 /* SwiftScraper */,
				FA4D2D302F7F598800EE44C6 /* SwiftScraperTests */,
				FA4D2CF42F7F52A900EE44C6 /* Products */,
				FA4D2FA12F7F61A000EE44C6 /* knitconfig.json */,
			);
			sourceTree = "<group>";
		};
		FA4D2CF42F7F52A900EE44C6 /* Products */ = {
			isa = PBXGroup;
			children = (
				FA4D2CF32F7F52A900EE44C6 /* SwiftScraper.app */,
				FA4D2D2F2F7F598800EE44C6 /* SwiftScraperTests.xctest */,
			);
			name = Products;
			sourceTree = "<group>";
		};
/* End PBXGroup section */

/* Begin PBXNativeTarget section */
		FA4D2CF22F7F52A900EE44C6 /* SwiftScraper */ = {
			isa = PBXNativeTarget;
			buildConfigurationList = FA4D2CFE2F7F52AA00EE44C6 /* Build configuration list for PBXNativeTarget "SwiftScraper" */;
			buildPhases = (
				FA4D2CEF2F7F52A900EE44C6 /* Sources */,
				FA4D2CF02F7F52A900EE44C6 /* Frameworks */,
				FA4D2CF12F7F52A900EE44C6 /* Resources */,
			);
			buildRules = (
			);
			dependencies = (
				FA4D2FA02F7F619100EE44C6 /* PBXTargetDependency */,
			);
			fileSystemSynchronizedGroups = (
				FA4D2CF52F7F52A900EE44C6 /* SwiftScraper */,
			);
			name = SwiftScraper;
			packageProductDependencies = (
				FA4D2FA72F7F620000EE44C6 /* SwiftScraperCore */,
				FA4D2D4A2F7F5C7600EE44C6 /* Knit */,
				FA4D2D4C2F7F5C7600EE44C6 /* KnitMacros */,
			);
			productName = SwiftScraper;
			productReference = FA4D2CF32F7F52A900EE44C6 /* SwiftScraper.app */;
			productType = "com.apple.product-type.application";
		};
		FA4D2D2E2F7F598800EE44C6 /* SwiftScraperTests */ = {
			isa = PBXNativeTarget;
			buildConfigurationList = FA4D2D352F7F598800EE44C6 /* Build configuration list for PBXNativeTarget "SwiftScraperTests" */;
			buildPhases = (
				FA4D2D2B2F7F598800EE44C6 /* Sources */,
				FA4D2D2C2F7F598800EE44C6 /* Frameworks */,
				FA4D2D2D2F7F598800EE44C6 /* Resources */,
			);
			buildRules = (
			);
			dependencies = (
				FA4D2D342F7F598800EE44C6 /* PBXTargetDependency */,
			);
			fileSystemSynchronizedGroups = (
				FA4D2D302F7F598800EE44C6 /* SwiftScraperTests */,
			);
			name = SwiftScraperTests;
			packageProductDependencies = (
			);
			productName = SwiftScraperTests;
			productReference = FA4D2D2F2F7F598800EE44C6 /* SwiftScraperTests.xctest */;
			productType = "com.apple.product-type.bundle.unit-test";
		};
/* End PBXNativeTarget section */

/* Begin PBXProject section */
		FA4D2CEB2F7F52A900EE44C6 /* Project object */ = {
			isa = PBXProject;
			attributes = {
				BuildIndependentTargetsInParallel = 1;
				LastSwiftUpdateCheck = 2630;
				LastUpgradeCheck = 2630;
				TargetAttributes = {
					FA4D2CF22F7F52A900EE44C6 = {
						CreatedOnToolsVersion = 26.3;
					};
					FA4D2D2E2F7F598800EE44C6 = {
						CreatedOnToolsVersion = 26.3;
						TestTargetID = FA4D2CF22F7F52A900EE44C6;
					};
				};
			};
			buildConfigurationList = FA4D2CEE2F7F52A900EE44C6 /* Build configuration list for PBXProject "SwiftScraper" */;
			developmentRegion = en;
			hasScannedForEncodings = 0;
			knownRegions = (
				en,
				Base,
			);
			mainGroup = FA4D2CEA2F7F52A900EE44C6;
			minimizedProjectReferenceProxies = 1;
			packageReferences = (
				FA4D2D492F7F5C7600EE44C6 /* XCRemoteSwiftPackageReference "knit" */,
				FA4D2FA62F7F620000EE44C6 /* XCLocalSwiftPackageReference "SwiftScraperCore" */,
			);
			preferredProjectObjectVersion = 77;
			productRefGroup = FA4D2CF42F7F52A900EE44C6 /* Products */;
			projectDirPath = "";
			projectRoot = "";
			targets = (
				FA4D2CF22F7F52A900EE44C6 /* SwiftScraper */,
				FA4D2D2E2F7F598800EE44C6 /* SwiftScraperTests */,
			);
		};
/* End PBXProject section */

/* Begin PBXResourcesBuildPhase section */
		FA4D2CF12F7F52A900EE44C6 /* Resources */ = {
			isa = PBXResourcesBuildPhase;
			buildActionMask = 2147483647;
			files = (
				FA4D2FA22F7F61A000EE44C6 /* knitconfig.json in Resources */,
			);
			runOnlyForDeploymentPostprocessing = 0;
		};
		FA4D2D2D2F7F598800EE44C6 /* Resources */ = {
			isa = PBXResourcesBuildPhase;
			buildActionMask = 2147483647;
			files = (
			);
			runOnlyForDeploymentPostprocessing = 0;
		};
/* End PBXResourcesBuildPhase section */

/* Begin PBXSourcesBuildPhase section */
		FA4D2CEF2F7F52A900EE44C6 /* Sources */ = {
			isa = PBXSourcesBuildPhase;
			buildActionMask = 2147483647;
			files = (
			);
			runOnlyForDeploymentPostprocessing = 0;
		};
		FA4D2D2B2F7F598800EE44C6 /* Sources */ = {
			isa = PBXSourcesBuildPhase;
			buildActionMask = 2147483647;
			files = (
			);
			runOnlyForDeploymentPostprocessing = 0;
		};
/* End PBXSourcesBuildPhase section */

/* Begin PBXTargetDependency section */
		FA4D2D342F7F598800EE44C6 /* PBXTargetDependency */ = {
			isa = PBXTargetDependency;
			target = FA4D2CF22F7F52A900EE44C6 /* SwiftScraper */;
			targetProxy = FA4D2D332F7F598800EE44C6 /* PBXContainerItemProxy */;
		};
		FA4D2FA02F7F619100EE44C6 /* PBXTargetDependency */ = {
			isa = PBXTargetDependency;
			productRef = FA4D2F9F2F7F619100EE44C6 /* KnitBuildPlugin */;
		};
/* End PBXTargetDependency section */

/* Begin XCBuildConfiguration section */
		FA4D2CFC2F7F52AA00EE44C6 /* Debug */ = {
			isa = XCBuildConfiguration;
			buildSettings = {
				ALWAYS_SEARCH_USER_PATHS = NO;
				ASSETCATALOG_COMPILER_GENERATE_SWIFT_ASSET_SYMBOL_EXTENSIONS = YES;
				CLANG_ANALYZER_NONNULL = YES;
				CLANG_ANALYZER_NUMBER_OBJECT_CONVERSION = YES_AGGRESSIVE;
				CLANG_CXX_LANGUAGE_STANDARD = "gnu++20";
				CLANG_ENABLE_MODULES = YES;
				CLANG_ENABLE_OBJC_ARC = YES;
				CLANG_ENABLE_OBJC_WEAK = YES;
				CLANG_WARN_BLOCK_CAPTURE_AUTORELEASING = YES;
				CLANG_WARN_BOOL_CONVERSION = YES;
				CLANG_WARN_COMMA = YES;
				CLANG_WARN_CONSTANT_CONVERSION = YES;
				CLANG_WARN_DEPRECATED_OBJC_IMPLEMENTATIONS = YES;
				CLANG_WARN_DIRECT_OBJC_ISA_USAGE = YES_ERROR;
				CLANG_WARN_DOCUMENTATION_COMMENTS = YES;
				CLANG_WARN_EMPTY_BODY = YES;
				CLANG_WARN_ENUM_CONVERSION = YES;
				CLANG_WARN_INFINITE_RECURSION = YES;
				CLANG_WARN_INT_CONVERSION = YES;
				CLANG_WARN_NON_LITERAL_NULL_CONVERSION = YES;
				CLANG_WARN_OBJC_IMPLICIT_RETAIN_SELF = YES;
				CLANG_WARN_OBJC_LITERAL_CONVERSION = YES;
				CLANG_WARN_OBJC_ROOT_CLASS = YES_ERROR;
				CLANG_WARN_QUOTED_INCLUDE_IN_FRAMEWORK_HEADER = YES;
				CLANG_WARN_RANGE_LOOP_ANALYSIS = YES;
				CLANG_WARN_STRICT_PROTOTYPES = YES;
				CLANG_WARN_SUSPICIOUS_MOVE = YES;
				CLANG_WARN_UNGUARDED_AVAILABILITY = YES_AGGRESSIVE;
				CLANG_WARN_UNREACHABLE_CODE = YES;
				CLANG_WARN__DUPLICATE_METHOD_MATCH = YES;
				COPY_PHASE_STRIP = NO;
				DEBUG_INFORMATION_FORMAT = dwarf;
				DEVELOPMENT_TEAM = X4S6MUZL2D;
				ENABLE_STRICT_OBJC_MSGSEND = YES;
				ENABLE_TESTABILITY = YES;
				ENABLE_USER_SCRIPT_SANDBOXING = YES;
				GCC_C_LANGUAGE_STANDARD = gnu17;
				GCC_DYNAMIC_NO_PIC = NO;
				GCC_NO_COMMON_BLOCKS = YES;
				GCC_OPTIMIZATION_LEVEL = 0;
				GCC_PREPROCESSOR_DEFINITIONS = (
					"DEBUG=1",
					"$(inherited)",
				);
				GCC_WARN_64_TO_32_BIT_CONVERSION = YES;
				GCC_WARN_ABOUT_RETURN_TYPE = YES_ERROR;
				GCC_WARN_UNDECLARED_SELECTOR = YES;
				GCC_WARN_UNINITIALIZED_AUTOS = YES_AGGRESSIVE;
				GCC_WARN_UNUSED_FUNCTION = YES;
				GCC_WARN_UNUSED_VARIABLE = YES;
				LOCALIZATION_PREFERS_STRING_CATALOGS = YES;
				MACOSX_DEPLOYMENT_TARGET = 26.2;
				MTL_ENABLE_DEBUG_INFO = INCLUDE_SOURCE;
				MTL_FAST_MATH = YES;
				ONLY_ACTIVE_ARCH = YES;
				SDKROOT = macosx;
				SWIFT_ACTIVE_COMPILATION_CONDITIONS = "DEBUG $(inherited)";
				SWIFT_OPTIMIZATION_LEVEL = "-Onone";
			};
			name = Debug;
		};
		FA4D2CFD2F7F52AA00EE44C6 /* Release */ = {
			isa = XCBuildConfiguration;
			buildSettings = {
				ALWAYS_SEARCH_USER_PATHS = NO;
				ASSETCATALOG_COMPILER_GENERATE_SWIFT_ASSET_SYMBOL_EXTENSIONS = YES;
				CLANG_ANALYZER_NONNULL = YES;
				CLANG_ANALYZER_NUMBER_OBJECT_CONVERSION = YES_AGGRESSIVE;
				CLANG_CXX_LANGUAGE_STANDARD = "gnu++20";
				CLANG_ENABLE_MODULES = YES;
				CLANG_ENABLE_OBJC_ARC = YES;
				CLANG_ENABLE_OBJC_WEAK = YES;
				CLANG_WARN_BLOCK_CAPTURE_AUTORELEASING = YES;
				CLANG_WARN_BOOL_CONVERSION = YES;
				CLANG_WARN_COMMA = YES;
				CLANG_WARN_CONSTANT_CONVERSION = YES;
				CLANG_WARN_DEPRECATED_OBJC_IMPLEMENTATIONS = YES;
				CLANG_WARN_DIRECT_OBJC_ISA_USAGE = YES_ERROR;
				CLANG_WARN_DOCUMENTATION_COMMENTS = YES;
				CLANG_WARN_EMPTY_BODY = YES;
				CLANG_WARN_ENUM_CONVERSION = YES;
				CLANG_WARN_INFINITE_RECURSION = YES;
				CLANG_WARN_INT_CONVERSION = YES;
				CLANG_WARN_NON_LITERAL_NULL_CONVERSION = YES;
				CLANG_WARN_OBJC_IMPLICIT_RETAIN_SELF = YES;
				CLANG_WARN_OBJC_LITERAL_CONVERSION = YES;
				CLANG_WARN_OBJC_ROOT_CLASS = YES_ERROR;
				CLANG_WARN_QUOTED_INCLUDE_IN_FRAMEWORK_HEADER = YES;
				CLANG_WARN_RANGE_LOOP_ANALYSIS = YES;
				CLANG_WARN_STRICT_PROTOTYPES = YES;
				CLANG_WARN_SUSPICIOUS_MOVE = YES;
				CLANG_WARN_UNGUARDED_AVAILABILITY = YES_AGGRESSIVE;
				CLANG_WARN_UNREACHABLE_CODE = YES;
				CLANG_WARN__DUPLICATE_METHOD_MATCH = YES;
				COPY_PHASE_STRIP = NO;
				DEBUG_INFORMATION_FORMAT = "dwarf-with-dsym";
				DEVELOPMENT_TEAM = X4S6MUZL2D;
				ENABLE_NS_ASSERTIONS = NO;
				ENABLE_STRICT_OBJC_MSGSEND = YES;
				ENABLE_USER_SCRIPT_SANDBOXING = YES;
				GCC_C_LANGUAGE_STANDARD = gnu17;
				GCC_NO_COMMON_BLOCKS = YES;
				GCC_WARN_64_TO_32_BIT_CONVERSION = YES;
				GCC_WARN_ABOUT_RETURN_TYPE = YES_ERROR;
				GCC_WARN_UNDECLARED_SELECTOR = YES;
				GCC_WARN_UNINITIALIZED_AUTOS = YES_AGGRESSIVE;
				GCC_WARN_UNUSED_FUNCTION = YES;
				GCC_WARN_UNUSED_VARIABLE = YES;
				LOCALIZATION_PREFERS_STRING_CATALOGS = YES;
				MACOSX_DEPLOYMENT_TARGET = 26.2;
				MTL_ENABLE_DEBUG_INFO = NO;
				MTL_FAST_MATH = YES;
				SDKROOT = macosx;
				SWIFT_COMPILATION_MODE = wholemodule;
			};
			name = Release;
		};
		FA4D2CFF2F7F52AA00EE44C6 /* Debug */ = {
			isa = XCBuildConfiguration;
			buildSettings = {
				ASSETCATALOG_COMPILER_APPICON_NAME = AppIcon;
				ASSETCATALOG_COMPILER_GLOBAL_ACCENT_COLOR_NAME = AccentColor;
				CODE_SIGN_ENTITLEMENTS = SwiftScraper/SwiftScraper.entitlements;
				CODE_SIGN_STYLE = Automatic;
				COMBINE_HIDPI_IMAGES = YES;
				CURRENT_PROJECT_VERSION = 1;
				DEVELOPMENT_TEAM = X4S6MUZL2D;
				ENABLE_APP_SANDBOX = YES;
				ENABLE_HARDENED_RUNTIME = YES;
				ENABLE_PREVIEWS = YES;
				ENABLE_USER_SELECTED_FILES = readonly;
				GENERATE_INFOPLIST_FILE = YES;
				INFOPLIST_KEY_NSHumanReadableCopyright = "";
				LD_RUNPATH_SEARCH_PATHS = (
					"$(inherited)",
					"@executable_path/../Frameworks",
				);
				MARKETING_VERSION = 1.0;
				PRODUCT_BUNDLE_IDENTIFIER = com.skorulis.SwiftScraper;
				PRODUCT_NAME = "$(TARGET_NAME)";
				REGISTER_APP_GROUPS = YES;
				STRING_CATALOG_GENERATE_SYMBOLS = YES;
				SWIFT_APPROACHABLE_CONCURRENCY = YES;
				SWIFT_DEFAULT_ACTOR_ISOLATION = MainActor;
				SWIFT_EMIT_LOC_STRINGS = YES;
				SWIFT_UPCOMING_FEATURE_MEMBER_IMPORT_VISIBILITY = YES;
				SWIFT_VERSION = 5.0;
			};
			name = Debug;
		};
		FA4D2D002F7F52AA00EE44C6 /* Release */ = {
			isa = XCBuildConfiguration;
			buildSettings = {
				ASSETCATALOG_COMPILER_APPICON_NAME = AppIcon;
				ASSETCATALOG_COMPILER_GLOBAL_ACCENT_COLOR_NAME = AccentColor;
				CODE_SIGN_ENTITLEMENTS = SwiftScraper/SwiftScraper.entitlements;
				CODE_SIGN_STYLE = Automatic;
				COMBINE_HIDPI_IMAGES = YES;
				CURRENT_PROJECT_VERSION = 1;
				DEVELOPMENT_TEAM = X4S6MUZL2D;
				ENABLE_APP_SANDBOX = YES;
				ENABLE_HARDENED_RUNTIME = YES;
				ENABLE_PREVIEWS = YES;
				ENABLE_USER_SELECTED_FILES = readonly;
				GENERATE_INFOPLIST_FILE = YES;
				INFOPLIST_KEY_NSHumanReadableCopyright = "";
				LD_RUNPATH_SEARCH_PATHS = (
					"$(inherited)",
					"@executable_path/../Frameworks",
				);
				MARKETING_VERSION = 1.0;
				PRODUCT_BUNDLE_IDENTIFIER = com.skorulis.SwiftScraper;
				PRODUCT_NAME = "$(TARGET_NAME)";
				REGISTER_APP_GROUPS = YES;
				STRING_CATALOG_GENERATE_SYMBOLS = YES;
				SWIFT_APPROACHABLE_CONCURRENCY = YES;
				SWIFT_DEFAULT_ACTOR_ISOLATION = MainActor;
				SWIFT_EMIT_LOC_STRINGS = YES;
				SWIFT_UPCOMING_FEATURE_MEMBER_IMPORT_VISIBILITY = YES;
				SWIFT_VERSION = 5.0;
			};
			name = Release;
		};
		FA4D2D362F7F598800EE44C6 /* Debug */ = {
			isa = XCBuildConfiguration;
			buildSettings = {
				BUNDLE_LOADER = "$(TEST_HOST)";
				CODE_SIGN_STYLE = Automatic;
				CURRENT_PROJECT_VERSION = 1;
				DEVELOPMENT_TEAM = X4S6MUZL2D;
				GENERATE_INFOPLIST_FILE = YES;
				MARKETING_VERSION = 1.0;
				PRODUCT_BUNDLE_IDENTIFIER = com.skorulis.SwiftScraperTests;
				PRODUCT_NAME = "$(TARGET_NAME)";
				STRING_CATALOG_GENERATE_SYMBOLS = NO;
				SWIFT_APPROACHABLE_CONCURRENCY = YES;
				SWIFT_EMIT_LOC_STRINGS = NO;
				SWIFT_UPCOMING_FEATURE_MEMBER_IMPORT_VISIBILITY = YES;
				SWIFT_VERSION = 5.0;
				TEST_HOST = "$(BUILT_PRODUCTS_DIR)/SwiftScraper.app/$(BUNDLE_EXECUTABLE_FOLDER_PATH)/SwiftScraper";
			};
			name = Debug;
		};
		FA4D2D372F7F598800EE44C6 /* Release */ = {
			isa = XCBuildConfiguration;
			buildSettings = {
				BUNDLE_LOADER = "$(TEST_HOST)";
				CODE_SIGN_STYLE = Automatic;
				CURRENT_PROJECT_VERSION = 1;
				DEVELOPMENT_TEAM = X4S6MUZL2D;
				GENERATE_INFOPLIST_FILE = YES;
				MARKETING_VERSION = 1.0;
				PRODUCT_BUNDLE_IDENTIFIER = com.skorulis.SwiftScraperTests;
				PRODUCT_NAME = "$(TARGET_NAME)";
				STRING_CATALOG_GENERATE_SYMBOLS = NO;
				SWIFT_APPROACHABLE_CONCURRENCY = YES;
				SWIFT_EMIT_LOC_STRINGS = NO;
				SWIFT_UPCOMING_FEATURE_MEMBER_IMPORT_VISIBILITY = YES;
				SWIFT_VERSION = 5.0;
				TEST_HOST = "$(BUILT_PRODUCTS_DIR)/SwiftScraper.app/$(BUNDLE_EXECUTABLE_FOLDER_PATH)/SwiftScraper";
			};
			name = Release;
		};
/* End XCBuildConfiguration section */

/* Begin XCConfigurationList section */
		FA4D2CEE2F7F52A900EE44C6 /* Build configuration list for PBXProject "SwiftScraper" */ = {
			isa = XCConfigurationList;
			buildConfigurations = (
				FA4D2CFC2F7F52AA00EE44C6 /* Debug */,
				FA4D2CFD2F7F52AA00EE44C6 /* Release */,
			);
			defaultConfigurationIsVisible = 0;
			defaultConfigurationName = Release;
		};
		FA4D2CFE2F7F52AA00EE44C6 /* Build configuration list for PBXNativeTarget "SwiftScraper" */ = {
			isa = XCConfigurationList;
			buildConfigurations = (
				FA4D2CFF2F7F52AA00EE44C6 /* Debug */,
				FA4D2D002F7F52AA00EE44C6 /* Release */,
			);
			defaultConfigurationIsVisible = 0;
			defaultConfigurationName = Release;
		};
		FA4D2D352F7F598800EE44C6 /* Build configuration list for PBXNativeTarget "SwiftScraperTests" */ = {
			isa = XCConfigurationList;
			buildConfigurations = (
				FA4D2D362F7F598800EE44C6 /* Debug */,
				FA4D2D372F7F598800EE44C6 /* Release */,
			);
			defaultConfigurationIsVisible = 0;
			defaultConfigurationName = Release;
		};
/* End XCConfigurationList section */

/* Begin XCLocalSwiftPackageReference section */
		FA4D2FA62F7F620000EE44C6 /* XCLocalSwiftPackageReference "SwiftScraperCore" */ = {
			isa = XCLocalSwiftPackageReference;
			relativePath = SwiftScraperCore;
		};
/* End XCLocalSwiftPackageReference section */

/* Begin XCRemoteSwiftPackageReference section */
		FA4D2D492F7F5C7600EE44C6 /* XCRemoteSwiftPackageReference "knit" */ = {
			isa = XCRemoteSwiftPackageReference;
			repositoryURL = "https://github.com/cashapp/knit";
			requirement = {
				branch = main;
				kind = branch;
			};
		};
/* End XCRemoteSwiftPackageReference section */

/* Begin XCSwiftPackageProductDependency section */
		FA4D2D4A2F7F5C7600EE44C6 /* Knit */ = {
			isa = XCSwiftPackageProductDependency;
			package = FA4D2D492F7F5C7600EE44C6 /* XCRemoteSwiftPackageReference "knit" */;
			productName = Knit;
		};
		FA4D2D4C2F7F5C7600EE44C6 /* KnitMacros */ = {
			isa = XCSwiftPackageProductDependency;
			package = FA4D2D492F7F5C7600EE44C6 /* XCRemoteSwiftPackageReference "knit" */;
			productName = KnitMacros;
		};
		FA4D2F9F2F7F619100EE44C6 /* KnitBuildPlugin */ = {
			isa = XCSwiftPackageProductDependency;
			package = FA4D2D492F7F5C7600EE44C6 /* XCRemoteSwiftPackageReference "knit" */;
			productName = "plugin:KnitBuildPlugin";
		};
		FA4D2FA72F7F620000EE44C6 /* SwiftScraperCore */ = {
			isa = XCSwiftPackageProductDependency;
			package = FA4D2FA62F7F620000EE44C6 /* XCLocalSwiftPackageReference "SwiftScraperCore" */;
			productName = SwiftScraperCore;
		};
/* End XCSwiftPackageProductDependency section */
	};
	rootObject = FA4D2CEB2F7F52A900EE44C6 /* Project object */;
}
