{
  "originHash" : "83aae257b3feb81bb05a156f23b2d90f3373661b44453aef11e62038e47316dd",
  "pins" : [
    {
      "identity" : "swift-argument-parser",
      "kind" : "remoteSourceControl",
      "location" : "https://github.com/apple/swift-argument-parser",
      "state" : {
        "revision" : "626b5b7b2f45e1b0b1c6f4a309296d1d21d7311b",
        "version" : "1.7.1"
      }
    },
    {
      "identity" : "untappd-api-swift",
      "kind" : "remoteSourceControl",
      "location" : "https://github.com/skorulis/untappd-api-swift",
      "state" : {
        "branch" : "main",
        "revision" : "d271a484dc0a70b03344dfd09081e9923857dc3c"
      }
    }
  ],
  "version" : 3
}
